
Microsoft Visual Studio Solution File, Format Version 12.00
# Visual Studio Version 17
VisualStudioVersion = 17.14.36327.8
MinimumVisualStudioVersion = 10.0.40219.1
Project("{FAE04EC0-301F-11D3-BF4B-00C04F79EFBC}") = "oficina.Models", "oficina.Models\oficina.Models.csproj", "{9AB6178A-935F-4CB8-9759-A8B69A6A2D90}"
EndProject
Project("{FAE04EC0-301F-11D3-BF4B-00C04F79EFBC}") = "Oficina.View", "Oficina.View\Oficina.View.csproj", "{80316F12-8147-483A-8261-E1FF0BA7FD89}"
EndProject
Project("{2150E333-8FDC-42A3-9474-1A3956D46DE8}") = "Solution Items", "Solution Items", "{8EC462FD-D22E-90A8-E5CE-7E832BA40C5D}"
	ProjectSection(SolutionItems) = preProject
		.gitignore = .gitignore
	EndProjectSection
EndProject
Global
	GlobalSection(SolutionConfigurationPlatforms) = preSolution
		Debug|Any CPU = Debug|Any CPU
		Release|Any CPU = Release|Any CPU
	EndGlobalSection
	GlobalSection(ProjectConfigurationPlatforms) = postSolution
		{9AB6178A-935F-4CB8-9759-A8B69A6A2D90}.Debug|Any CPU.ActiveCfg = Debug|Any CPU
		{9AB6178A-935F-4CB8-9759-A8B69A6A2D90}.Debug|Any CPU.Build.0 = Debug|Any CPU
		{9AB6178A-935F-4CB8-9759-A8B69A6A2D90}.Release|Any CPU.ActiveCfg = Release|Any CPU
		{9AB6178A-935F-4CB8-9759-A8B69A6A2D90}.Release|Any CPU.Build.0 = Release|Any CPU
		{80316F12-8147-483A-8261-E1FF0BA7FD89}.Debug|Any CPU.ActiveCfg = Debug|Any CPU
		{80316F12-8147-483A-8261-E1FF0BA7FD89}.Debug|Any CPU.Build.0 = Debug|Any CPU
		{80316F12-8147-483A-8261-E1FF0BA7FD89}.Release|Any CPU.ActiveCfg = Release|Any CPU
		{80316F12-8147-483A-8261-E1FF0BA7FD89}.Release|Any CPU.Build.0 = Release|Any CPU
	EndGlobalSection
	GlobalSection(SolutionProperties) = preSolution
		HideSolutionNode = FALSE
	EndGlobalSection
	GlobalSection(ExtensibilityGlobals) = postSolution
		SolutionGuid = {6046FB83-58F8-4567-BDC9-EABBFDC11C5F}
	EndGlobalSection
EndGlobal
